lockfileVersion: '9.0'

settings:
  autoInstallPeers: true
  excludeLinksFromLockfile: false

importers:

  .:
    dependencies:
      vue:
        specifier: ^3.5.13
        version: 3.5.13
    devDependencies:
      '@formio/vue':
        specifier: ^5.0.0
        version: 5.0.0(formiojs@4.21.6)(vue@3.5.13)
      '@vitejs/plugin-vue':
        specifier: ^5.2.1
        version: 5.2.1(vite@6.2.1)(vue@3.5.13)
      vite:
        specifier: ^6.2.0
        version: 6.2.1

packages:

  '@babel/helper-string-parser@7.25.9':
    resolution: {integrity: sha512-4A/SCr/2KLd5jrtOMFzaKjVtAei3+2r/NChoBNoZ3EyP/+GlhoaEGoWOZUmFmoITP7zOJyHIMm+DYRd8o3PvHA==}
    engines: {node: '>=6.9.0'}

  '@babel/helper-validator-identifier@7.25.9':
    resolution: {integrity: sha512-Ed61U6XJc3CVRfkERJWDz4dJwKe7iLmmJsbOGu9wSloNSFttHV0I8g6UAgb7qnK5ly5bGLPd4oXZlxCdANBOWQ==}
    engines: {node: '>=6.9.0'}

  '@babel/parser@7.26.9':
    resolution: {integrity: sha512-81NWa1njQblgZbQHxWHpxxCzNsa3ZwvFqpUg7P+NNUU6f3UU2jBEg4OlF/J6rl8+PQGh1q6/zWScd001YwcA5A==}
    engines: {node: '>=6.0.0'}
    hasBin: true

  '@babel/runtime@7.26.9':
    resolution: {integrity: sha512-aA63XwOkcl4xxQa3HjPMqOP6LiK0ZDv3mUPYEFXkpHbaFjtGggE1A61FjFzJnB+p7/oy2gA8E+rcBNl/zC1tMg==}
    engines: {node: '>=6.9.0'}

  '@babel/types@7.26.9':
    resolution: {integrity: sha512-Y3IR1cRnOxOCDvMmNiym7XpXQ93iGDDPHx+Zj+NM+rg0fBaShfQLkg+hKPaZCEvg5N/LeCo4+Rj/i3FuJsIQaw==}
    engines: {node: '>=6.9.0'}

  '@esbuild/aix-ppc64@0.25.0':
    resolution: {integrity: sha512-O7vun9Sf8DFjH2UtqK8Ku3LkquL9SZL8OLY1T5NZkA34+wG3OQF7cl4Ql8vdNzM6fzBbYfLaiRLIOZ+2FOCgBQ==}
    engines: {node: '>=18'}
    cpu: [ppc64]
    os: [aix]

  '@esbuild/android-arm64@0.25.0':
    resolution: {integrity: sha512-grvv8WncGjDSyUBjN9yHXNt+cq0snxXbDxy5pJtzMKGmmpPxeAmAhWxXI+01lU5rwZomDgD3kJwulEnhTRUd6g==}
    engines: {node: '>=18'}
    cpu: [arm64]
    os: [android]

  '@esbuild/android-arm@0.25.0':
    resolution: {integrity: sha512-PTyWCYYiU0+1eJKmw21lWtC+d08JDZPQ5g+kFyxP0V+es6VPPSUhM6zk8iImp2jbV6GwjX4pap0JFbUQN65X1g==}
    engines: {node: '>=18'}
    cpu: [arm]
    os: [android]

  '@esbuild/android-x64@0.25.0':
    resolution: {integrity: sha512-m/ix7SfKG5buCnxasr52+LI78SQ+wgdENi9CqyCXwjVR2X4Jkz+BpC3le3AoBPYTC9NHklwngVXvbJ9/Akhrfg==}
    engines: {node: '>=18'}
    cpu: [x64]
    os: [android]

  '@esbuild/darwin-arm64@0.25.0':
    resolution: {integrity: sha512-mVwdUb5SRkPayVadIOI78K7aAnPamoeFR2bT5nszFUZ9P8UpK4ratOdYbZZXYSqPKMHfS1wdHCJk1P1EZpRdvw==}
    engines: {node: '>=18'}
    cpu: [arm64]
    os: [darwin]

  '@esbuild/darwin-x64@0.25.0':
    resolution: {integrity: sha512-DgDaYsPWFTS4S3nWpFcMn/33ZZwAAeAFKNHNa1QN0rI4pUjgqf0f7ONmXf6d22tqTY+H9FNdgeaAa+YIFUn2Rg==}
    engines: {node: '>=18'}
    cpu: [x64]
    os: [darwin]

  '@esbuild/freebsd-arm64@0.25.0':
    resolution: {integrity: sha512-VN4ocxy6dxefN1MepBx/iD1dH5K8qNtNe227I0mnTRjry8tj5MRk4zprLEdG8WPyAPb93/e4pSgi1SoHdgOa4w==}
    engines: {node: '>=18'}
    cpu: [arm64]
    os: [freebsd]

  '@esbuild/freebsd-x64@0.25.0':
    resolution: {integrity: sha512-mrSgt7lCh07FY+hDD1TxiTyIHyttn6vnjesnPoVDNmDfOmggTLXRv8Id5fNZey1gl/V2dyVK1VXXqVsQIiAk+A==}
    engines: {node: '>=18'}
    cpu: [x64]
    os: [freebsd]

  '@esbuild/linux-arm64@0.25.0':
    resolution: {integrity: sha512-9QAQjTWNDM/Vk2bgBl17yWuZxZNQIF0OUUuPZRKoDtqF2k4EtYbpyiG5/Dk7nqeK6kIJWPYldkOcBqjXjrUlmg==}
    engines: {node: '>=18'}
    cpu: [arm64]
    os: [linux]

  '@esbuild/linux-arm@0.25.0':
    resolution: {integrity: sha512-vkB3IYj2IDo3g9xX7HqhPYxVkNQe8qTK55fraQyTzTX/fxaDtXiEnavv9geOsonh2Fd2RMB+i5cbhu2zMNWJwg==}
    engines: {node: '>=18'}
    cpu: [arm]
    os: [linux]

  '@esbuild/linux-ia32@0.25.0':
    resolution: {integrity: sha512-43ET5bHbphBegyeqLb7I1eYn2P/JYGNmzzdidq/w0T8E2SsYL1U6un2NFROFRg1JZLTzdCoRomg8Rvf9M6W6Gg==}
    engines: {node: '>=18'}
    cpu: [ia32]
    os: [linux]

  '@esbuild/linux-loong64@0.25.0':
    resolution: {integrity: sha512-fC95c/xyNFueMhClxJmeRIj2yrSMdDfmqJnyOY4ZqsALkDrrKJfIg5NTMSzVBr5YW1jf+l7/cndBfP3MSDpoHw==}
    engines: {node: '>=18'}
    cpu: [loong64]
    os: [linux]

  '@esbuild/linux-mips64el@0.25.0':
    resolution: {integrity: sha512-nkAMFju7KDW73T1DdH7glcyIptm95a7Le8irTQNO/qtkoyypZAnjchQgooFUDQhNAy4iu08N79W4T4pMBwhPwQ==}
    engines: {node: '>=18'}
    cpu: [mips64el]
    os: [linux]

  '@esbuild/linux-ppc64@0.25.0':
    resolution: {integrity: sha512-NhyOejdhRGS8Iwv+KKR2zTq2PpysF9XqY+Zk77vQHqNbo/PwZCzB5/h7VGuREZm1fixhs4Q/qWRSi5zmAiO4Fw==}
    engines: {node: '>=18'}
    cpu: [ppc64]
    os: [linux]

  '@esbuild/linux-riscv64@0.25.0':
    resolution: {integrity: sha512-5S/rbP5OY+GHLC5qXp1y/Mx//e92L1YDqkiBbO9TQOvuFXM+iDqUNG5XopAnXoRH3FjIUDkeGcY1cgNvnXp/kA==}
    engines: {node: '>=18'}
    cpu: [riscv64]
    os: [linux]

  '@esbuild/linux-s390x@0.25.0':
    resolution: {integrity: sha512-XM2BFsEBz0Fw37V0zU4CXfcfuACMrppsMFKdYY2WuTS3yi8O1nFOhil/xhKTmE1nPmVyvQJjJivgDT+xh8pXJA==}
    engines: {node: '>=18'}
    cpu: [s390x]
    os: [linux]

  '@esbuild/linux-x64@0.25.0':
    resolution: {integrity: sha512-9yl91rHw/cpwMCNytUDxwj2XjFpxML0y9HAOH9pNVQDpQrBxHy01Dx+vaMu0N1CKa/RzBD2hB4u//nfc+Sd3Cw==}
    engines: {node: '>=18'}
    cpu: [x64]
    os: [linux]

  '@esbuild/netbsd-arm64@0.25.0':
    resolution: {integrity: sha512-RuG4PSMPFfrkH6UwCAqBzauBWTygTvb1nxWasEJooGSJ/NwRw7b2HOwyRTQIU97Hq37l3npXoZGYMy3b3xYvPw==}
    engines: {node: '>=18'}
    cpu: [arm64]
    os: [netbsd]

  '@esbuild/netbsd-x64@0.25.0':
    resolution: {integrity: sha512-jl+qisSB5jk01N5f7sPCsBENCOlPiS/xptD5yxOx2oqQfyourJwIKLRA2yqWdifj3owQZCL2sn6o08dBzZGQzA==}
    engines: {node: '>=18'}
    cpu: [x64]
    os: [netbsd]

  '@esbuild/openbsd-arm64@0.25.0':
    resolution: {integrity: sha512-21sUNbq2r84YE+SJDfaQRvdgznTD8Xc0oc3p3iW/a1EVWeNj/SdUCbm5U0itZPQYRuRTW20fPMWMpcrciH2EJw==}
    engines: {node: '>=18'}
    cpu: [arm64]
    os: [openbsd]

  '@esbuild/openbsd-x64@0.25.0':
    resolution: {integrity: sha512-2gwwriSMPcCFRlPlKx3zLQhfN/2WjJ2NSlg5TKLQOJdV0mSxIcYNTMhk3H3ulL/cak+Xj0lY1Ym9ysDV1igceg==}
    engines: {node: '>=18'}
    cpu: [x64]
    os: [openbsd]

  '@esbuild/sunos-x64@0.25.0':
    resolution: {integrity: sha512-bxI7ThgLzPrPz484/S9jLlvUAHYMzy6I0XiU1ZMeAEOBcS0VePBFxh1JjTQt3Xiat5b6Oh4x7UC7IwKQKIJRIg==}
    engines: {node: '>=18'}
    cpu: [x64]
    os: [sunos]

  '@esbuild/win32-arm64@0.25.0':
    resolution: {integrity: sha512-ZUAc2YK6JW89xTbXvftxdnYy3m4iHIkDtK3CLce8wg8M2L+YZhIvO1DKpxrd0Yr59AeNNkTiic9YLf6FTtXWMw==}
    engines: {node: '>=18'}
    cpu: [arm64]
    os: [win32]

  '@esbuild/win32-ia32@0.25.0':
    resolution: {integrity: sha512-eSNxISBu8XweVEWG31/JzjkIGbGIJN/TrRoiSVZwZ6pkC6VX4Im/WV2cz559/TXLcYbcrDN8JtKgd9DJVIo8GA==}
    engines: {node: '>=18'}
    cpu: [ia32]
    os: [win32]

  '@esbuild/win32-x64@0.25.0':
    resolution: {integrity: sha512-ZENoHJBxA20C2zFzh6AI4fT6RraMzjYw4xKWemRTRmRVtN9c5DcH9r/f2ihEkMjOW5eGgrwCslG/+Y/3bL+DHQ==}
    engines: {node: '>=18'}
    cpu: [x64]
    os: [win32]

  '@formio/bootstrap3@2.12.4-rc.1':
    resolution: {integrity: sha512-4B5rs+w9tAk5i+wbdw2/NrTxPqnDX7/W19tiTd9lfXnIGQmaj0ecMEVqDmOJg8pIlyU02g3c4ih6JnA/JVmUbA==}

  '@formio/choices.js@10.2.1':
    resolution: {integrity: sha512-NCE5u7jG3XGokJP16MyAbVSUptKu/mpJYAxd4PPIoLiO/l9Do5uoOQ0MgNb9qG9qABJiOX+qNRE8q8RybY/SwQ==}

  '@formio/semantic@2.6.1':
    resolution: {integrity: sha512-obp1BT5UnzD+uYBbqmnsTfO2hGxI2A2iR/cj3P5JUFLYSBpnr3TS2ShQ7Ee5GCRRtJPu0JnljuJj+YSKLCMuhg==}

  '@formio/text-mask-addons@3.8.0-formio.4':
    resolution: {integrity: sha512-vhkeIyuL+1rtC9S4IW8O3JCwroPtvJrkrcMO4wyELNqMIgQRKbiyBAitZfUP4tY04xdB5lxAinbzdwb+NMdX6w==}

  '@formio/vanilla-text-mask@5.1.1-formio.1':
    resolution: {integrity: sha512-rYBlvIPMNUd6sAaduOaiIwI4vfTAjHDRonko2qJn2RP1O//TQ7rcFIPYVYePJZ4OtOpwHiHAvAIh79McphZotQ==}

  '@formio/vue@5.0.0':
    resolution: {integrity: sha512-idD8T6QDy/qJ4TlVoqLcgE29C95afdYuIM5FCS8yU9i70Z7sFUW6mhkwSaZcFwykmWkCBA+2z1Cl2NxllfqPSQ==}
    peerDependencies:
      formiojs: ^4.16.0
      vue: ^3.0.9

  '@jridgewell/sourcemap-codec@1.5.0':
    resolution: {integrity: sha512-gv3ZRaISU3fjPAgNsriBRqGWQL6quFx04YMPW/zD8XMLsU32mhCCbfbO6KZFLjvYpCZ8zyDEgqsgf+PwPaM7GQ==}

  '@popperjs/core@2.11.8':
    resolution: {integrity: sha512-P1st0aksCrn9sGZhp8GMYwBnQsbvAWsZAX44oXNNvLHGqAOcoVxmjZiohstwQ7SqKnbR47akdNi+uleWD8+g6A==}

  '@rollup/rollup-android-arm-eabi@4.35.0':
    resolution: {integrity: sha512-uYQ2WfPaqz5QtVgMxfN6NpLD+no0MYHDBywl7itPYd3K5TjjSghNKmX8ic9S8NU8w81NVhJv/XojcHptRly7qQ==}
    cpu: [arm]
    os: [android]

  '@rollup/rollup-android-arm64@4.35.0':
    resolution: {integrity: sha512-FtKddj9XZudurLhdJnBl9fl6BwCJ3ky8riCXjEw3/UIbjmIY58ppWwPEvU3fNu+W7FUsAsB1CdH+7EQE6CXAPA==}
    cpu: [arm64]
    os: [android]

  '@rollup/rollup-darwin-arm64@4.35.0':
    resolution: {integrity: sha512-Uk+GjOJR6CY844/q6r5DR/6lkPFOw0hjfOIzVx22THJXMxktXG6CbejseJFznU8vHcEBLpiXKY3/6xc+cBm65Q==}
    cpu: [arm64]
    os: [darwin]

  '@rollup/rollup-darwin-x64@4.35.0':
    resolution: {integrity: sha512-3IrHjfAS6Vkp+5bISNQnPogRAW5GAV1n+bNCrDwXmfMHbPl5EhTmWtfmwlJxFRUCBZ+tZ/OxDyU08aF6NI/N5Q==}
    cpu: [x64]
    os: [darwin]

  '@rollup/rollup-freebsd-arm64@4.35.0':
    resolution: {integrity: sha512-sxjoD/6F9cDLSELuLNnY0fOrM9WA0KrM0vWm57XhrIMf5FGiN8D0l7fn+bpUeBSU7dCgPV2oX4zHAsAXyHFGcQ==}
    cpu: [arm64]
    os: [freebsd]

  '@rollup/rollup-freebsd-x64@4.35.0':
    resolution: {integrity: sha512-2mpHCeRuD1u/2kruUiHSsnjWtHjqVbzhBkNVQ1aVD63CcexKVcQGwJ2g5VphOd84GvxfSvnnlEyBtQCE5hxVVw==}
    cpu: [x64]
    os: [freebsd]

  '@rollup/rollup-linux-arm-gnueabihf@4.35.0':
    resolution: {integrity: sha512-mrA0v3QMy6ZSvEuLs0dMxcO2LnaCONs1Z73GUDBHWbY8tFFocM6yl7YyMu7rz4zS81NDSqhrUuolyZXGi8TEqg==}
    cpu: [arm]
    os: [linux]

  '@rollup/rollup-linux-arm-musleabihf@4.35.0':
    resolution: {integrity: sha512-DnYhhzcvTAKNexIql8pFajr0PiDGrIsBYPRvCKlA5ixSS3uwo/CWNZxB09jhIapEIg945KOzcYEAGGSmTSpk7A==}
    cpu: [arm]
    os: [linux]

  '@rollup/rollup-linux-arm64-gnu@4.35.0':
    resolution: {integrity: sha512-uagpnH2M2g2b5iLsCTZ35CL1FgyuzzJQ8L9VtlJ+FckBXroTwNOaD0z0/UF+k5K3aNQjbm8LIVpxykUOQt1m/A==}
    cpu: [arm64]
    os: [linux]

  '@rollup/rollup-linux-arm64-musl@4.35.0':
    resolution: {integrity: sha512-XQxVOCd6VJeHQA/7YcqyV0/88N6ysSVzRjJ9I9UA/xXpEsjvAgDTgH3wQYz5bmr7SPtVK2TsP2fQ2N9L4ukoUg==}
    cpu: [arm64]
    os: [linux]

  '@rollup/rollup-linux-loongarch64-gnu@4.35.0':
    resolution: {integrity: sha512-5pMT5PzfgwcXEwOaSrqVsz/LvjDZt+vQ8RT/70yhPU06PTuq8WaHhfT1LW+cdD7mW6i/J5/XIkX/1tCAkh1W6g==}
    cpu: [loong64]
    os: [linux]

  '@rollup/rollup-linux-powerpc64le-gnu@4.35.0':
    resolution: {integrity: sha512-c+zkcvbhbXF98f4CtEIP1EBA/lCic5xB0lToneZYvMeKu5Kamq3O8gqrxiYYLzlZH6E3Aq+TSW86E4ay8iD8EA==}
    cpu: [ppc64]
    os: [linux]

  '@rollup/rollup-linux-riscv64-gnu@4.35.0':
    resolution: {integrity: sha512-s91fuAHdOwH/Tad2tzTtPX7UZyytHIRR6V4+2IGlV0Cej5rkG0R61SX4l4y9sh0JBibMiploZx3oHKPnQBKe4g==}
    cpu: [riscv64]
    os: [linux]

  '@rollup/rollup-linux-s390x-gnu@4.35.0':
    resolution: {integrity: sha512-hQRkPQPLYJZYGP+Hj4fR9dDBMIM7zrzJDWFEMPdTnTy95Ljnv0/4w/ixFw3pTBMEuuEuoqtBINYND4M7ujcuQw==}
    cpu: [s390x]
    os: [linux]

  '@rollup/rollup-linux-x64-gnu@4.35.0':
    resolution: {integrity: sha512-Pim1T8rXOri+0HmV4CdKSGrqcBWX0d1HoPnQ0uw0bdp1aP5SdQVNBy8LjYncvnLgu3fnnCt17xjWGd4cqh8/hA==}
    cpu: [x64]
    os: [linux]

  '@rollup/rollup-linux-x64-musl@4.35.0':
    resolution: {integrity: sha512-QysqXzYiDvQWfUiTm8XmJNO2zm9yC9P/2Gkrwg2dH9cxotQzunBHYr6jk4SujCTqnfGxduOmQcI7c2ryuW8XVg==}
    cpu: [x64]
    os: [linux]

  '@rollup/rollup-win32-arm64-msvc@4.35.0':
    resolution: {integrity: sha512-OUOlGqPkVJCdJETKOCEf1mw848ZyJ5w50/rZ/3IBQVdLfR5jk/6Sr5m3iO2tdPgwo0x7VcncYuOvMhBWZq8ayg==}
    cpu: [arm64]
    os: [win32]

  '@rollup/rollup-win32-ia32-msvc@4.35.0':
    resolution: {integrity: sha512-2/lsgejMrtwQe44glq7AFFHLfJBPafpsTa6JvP2NGef/ifOa4KBoglVf7AKN7EV9o32evBPRqfg96fEHzWo5kw==}
    cpu: [ia32]
    os: [win32]

  '@rollup/rollup-win32-x64-msvc@4.35.0':
    resolution: {integrity: sha512-PIQeY5XDkrOysbQblSW7v3l1MDZzkTEzAfTPkj5VAu3FW8fS4ynyLg2sINp0fp3SjZ8xkRYpLqoKcYqAkhU1dw==}
    cpu: [x64]
    os: [win32]

  '@sphinxxxx/color-conversion@2.2.2':
    resolution: {integrity: sha512-XExJS3cLqgrmNBIP3bBw6+1oQ1ksGjFh0+oClDKFYpCCqx/hlqwWO5KO/S63fzUo67SxI9dMrF0y5T/Ey7h8Zw==}

  '@types/estree@1.0.6':
    resolution: {integrity: sha512-AYnb1nQyY49te+VRAVgmzfcgjYS91mY5P0TKUDCLEM+gNnA+3T6rWITXRLYCpahpqSQbN5cE+gHpnPyXjHWxcw==}

  '@types/trusted-types@2.0.7':
    resolution: {integrity: sha512-ScaPdn1dQczgbl0QFTeTOmVHFULt394XJgOQNoyVhZ6r2vLnMLJfBPd53SB52T/3G36VI1/g2MZaX0cwDuXsfw==}

  '@vitejs/plugin-vue@5.2.1':
    resolution: {integrity: sha512-cxh314tzaWwOLqVes2gnnCtvBDcM1UMdn+iFR+UjAn411dPT3tOmqrJjbMd7koZpMAmBM/GqeV4n9ge7JSiJJQ==}
    engines: {node: ^18.0.0 || >=20.0.0}
    peerDependencies:
      vite: ^5.0.0 || ^6.0.0
      vue: ^3.2.25

  '@vue/compiler-core@3.5.13':
    resolution: {integrity: sha512-oOdAkwqUfW1WqpwSYJce06wvt6HljgY3fGeM9NcVA1HaYOij3mZG9Rkysn0OHuyUAGMbEbARIpsG+LPVlBJ5/Q==}

  '@vue/compiler-dom@3.5.13':
    resolution: {integrity: sha512-ZOJ46sMOKUjO3e94wPdCzQ6P1Lx/vhp2RSvfaab88Ajexs0AHeV0uasYhi99WPaogmBlRHNRuly8xV75cNTMDA==}

  '@vue/compiler-sfc@3.5.13':
    resolution: {integrity: sha512-6VdaljMpD82w6c2749Zhf5T9u5uLBWKnVue6XWxprDobftnletJ8+oel7sexFfM3qIxNmVE7LSFGTpv6obNyaQ==}

  '@vue/compiler-ssr@3.5.13':
    resolution: {integrity: sha512-wMH6vrYHxQl/IybKJagqbquvxpWCuVYpoUJfCqFZwa/JY1GdATAQ+TgVtgrwwMZ0D07QhA99rs/EAAWfvG6KpA==}

  '@vue/reactivity@3.5.13':
    resolution: {integrity: sha512-NaCwtw8o48B9I6L1zl2p41OHo/2Z4wqYGGIK1Khu5T7yxrn+ATOixn/Udn2m+6kZKB/J7cuT9DbWWhRxqixACg==}

  '@vue/runtime-core@3.5.13':
    resolution: {integrity: sha512-Fj4YRQ3Az0WTZw1sFe+QDb0aXCerigEpw418pw1HBUKFtnQHWzwojaukAs2X/c9DQz4MQ4bsXTGlcpGxU/RCIw==}

  '@vue/runtime-dom@3.5.13':
    resolution: {integrity: sha512-dLaj94s93NYLqjLiyFzVs9X6dWhTdAlEAciC3Moq7gzAc13VJUdCnjjRurNM6uTLFATRHexHCTu/Xp3eW6yoog==}

  '@vue/server-renderer@3.5.13':
    resolution: {integrity: sha512-wAi4IRJV/2SAW3htkTlB+dHeRmpTiVIK1OGLWV1yeStVSebSQQOwGwIq0D3ZIoBj2C2qpgz5+vX9iEBkTdk5YA==}
    peerDependencies:
      vue: 3.5.13

  '@vue/shared@3.5.13':
    resolution: {integrity: sha512-/hnE/qP5ZoGpol0a5mDi45bOd7t3tjYJBjsgCsivow7D48cJeV5l05RD82lPqi7gRiphZM37rnhW1l6ZoCNNnQ==}

  abortcontroller-polyfill@1.7.8:
    resolution: {integrity: sha512-9f1iZ2uWh92VcrU9Y8x+LdM4DLj75VE0MJB8zuF1iUnroEptStw+DQ8EQPMUdfe5k+PkB1uUfDQfWbhstH8LrQ==}

  animation-frame-polyfill@1.0.2:
    resolution: {integrity: sha512-PvO5poSMoHhaoNNgHPo+oqs/0L9UqjsUbqv0iOXVqLh6HX85fsOVQTUrzSBvjdZz7hydARlgLELyzJJKIrPJAQ==}

  array-from@2.1.1:
    resolution: {integrity: sha512-GQTc6Uupx1FCavi5mPzBvVT7nEOeWMmUA9P95wpfpW1XwMSKs+KaymD5C2Up7KAUKg/mYwbsUYzdZWcoajlNZg==}

  atoa@1.0.0:
    resolution: {integrity: sha512-VVE1H6cc4ai+ZXo/CRWoJiHXrA1qfA31DPnx6D20+kSI547hQN5Greh51LQ1baMRMfxO5K5M4ImMtZbZt2DODQ==}

  autocompleter@7.1.0:
    resolution: {integrity: sha512-uCToOnq7eAD/GJAteDbYuQ7ksDtrYWOy5CIAq43wh0dT+5frMpPlyD9tp+y5fz8KIcsP+zR2MjzoTAdW5aJESw==}

  browser-cookies@1.2.0:
    resolution: {integrity: sha512-cg2WuoOJo+F+g2XjEaP8nmeRp1vDHjt7sqpKJMsTNXKrpyIBNVslYJeehvs6FEddj8usV2+qyRSBEX244yN5/g==}

  browser-md5-file@1.1.1:
    resolution: {integrity: sha512-9h2UViTtZPhBa7oHvp5mb7MvJaX5OKEPUsplDwJ800OIV+In7BOR3RXOMB78obn2iQVIiS3WkVLhG7Zu1EMwbw==}

  compare-versions@5.0.3:
    resolution: {integrity: sha512-4UZlZP8Z99MGEY+Ovg/uJxJuvoXuN4M6B3hKaiackiHrgzQFEe3diJi1mf1PNHbFujM7FvLrK2bpgIaImbtZ1A==}

  contra@1.9.4:
    resolution: {integrity: sha512-N9ArHAqwR/lhPq4OdIAwH4e1btn6EIZMAz4TazjnzCiVECcWUPTma+dRAM38ERImEJBh8NiCCpjoQruSZ+agYg==}

  core-js@3.41.0:
    resolution: {integrity: sha512-SJ4/EHwS36QMJd6h/Rg+GyR4A5xE0FSI3eZ+iBVpfqf1x0eTSg1smWLHrA+2jQThZSh97fmSgFSU8B61nxosxA==}

  create-point-cb@1.2.0:
    resolution: {integrity: sha512-r4l6IO/YGI7hIZRMLggOzwM6XO80+Fdcv4hx1fXCEdU+hKd7zZki6i+cbYfK9OliMwMYx1wPfQLU/snvS+Dygw==}

  crossvent@1.5.5:
    resolution: {integrity: sha512-MY4xhBYEnVi+pmTpHCOCsCLYczc0PVtGdPBz6NXNXxikLaUZo4HdAeUb1UqAo3t3yXAloSelTmfxJ+/oUqkW5w==}

  csstype@3.1.3:
    resolution: {integrity: sha512-M1uQkMl8rQK/szD0LNhtqxIPLpimGm8sOBwU7lLnCpSbTyY3yeU1Vc7l4KT5zT4s/yOxHH5O7tIuuLOCnLADRw==}

  custom-event-polyfill@1.0.7:
    resolution: {integrity: sha512-TDDkd5DkaZxZFM8p+1I3yAlvM3rSr1wbrOliG4yJiwinMZN8z/iGL7BTlDkrJcYTmgUSb4ywVCc3ZaUtOtC76w==}

  custom-event@1.0.1:
    resolution: {integrity: sha512-GAj5FOq0Hd+RsCGVJxZuKaIDXDf3h6GQoNEjFgbLLI/trgtavwUbSnZ5pVfg27DVCaWjIohryS0JFwIJyT2cMg==}

  deepmerge@4.3.1:
    resolution: {integrity: sha512-3sUqbMEc77XqpdNO7FRyRog+eW3ph+GYCbj+rK+uYyRMuwsVy0rMiVtPn+QJlKFvWP/1PYpapqYn0Me2knFn+A==}
    engines: {node: '>=0.10.0'}

  dialog-polyfill@0.5.6:
    resolution: {integrity: sha512-ZbVDJI9uvxPAKze6z146rmfUZjBqNEwcnFTVamQzXH+svluiV7swmVIGr7miwADgfgt1G2JQIytypM9fbyhX4w==}

  dom-autoscroller@2.3.4:
    resolution: {integrity: sha512-HcAdt/2Dq9x4CG6LWXc2x9Iq0MJPAu8fuzHncclq7byufqYEYVtx9sZ/dyzR+gdj4qwEC9p27Lw1G2HRRYX6jQ==}

  dom-mousemove-dispatcher@1.0.1:
    resolution: {integrity: sha512-NMdqqMbgW8kqOdmod2hkS+9hD/v7h4XoSvwU9qqe+wAA/O+ba0jhpbfW0Kb/fCyR0RX9jf4dwfQrl04LQX4FzQ==}

  dom-plane@1.0.2:
    resolution: {integrity: sha512-/tR67G6ZGSciXoZLsD706yLxEXvX3mG/OWE8YNYj3A1yU/RAimtPXzklVTu5Y5xoeMoloA/Y+MaNjQm9apgAww==}

  dom-set@1.1.1:
    resolution: {integrity: sha512-sUi2aSvRsK3Ixx++gwX9cnaWk9ZxGVFry8+HnTRVmDimybU5PaiI4wX0o00mVtjFKlQNZLmtGoPTLorYbN0+Rw==}

  dompurify@3.2.4:
    resolution: {integrity: sha512-ysFSFEDVduQpyhzAob/kkuJjf5zWkZD8/A9ywSp1byueyuCfHamrCBa14/Oc2iiB0e51B+NpxSl5gmzn+Ms/mg==}

  downloadjs@1.4.7:
    resolution: {integrity: sha512-LN1gO7+u9xjU5oEScGFKvXhYf7Y/empUIIEAGBs1LzUq/rg5duiDrkuH5A2lQGd5jfMOb9X9usDa2oVXwJ0U/Q==}

  dragula@3.7.3:
    resolution: {integrity: sha512-/rRg4zRhcpf81TyDhaHLtXt6sEywdfpv1cRUMeFFy7DuypH2U0WUL0GTdyAQvXegviT4PJK4KuMmOaIDpICseQ==}

  entities@4.5.0:
    resolution: {integrity: sha512-V0hjH4dGPh9Ao5p0MoRY6BVqtwCjhz6vI5LT8AJ55H+4g9/4vbHx1I54fS0XuclLhDHArPQCiMjDxjaL8fPxhw==}
    engines: {node: '>=0.12'}

  esbuild@0.25.0:
    resolution: {integrity: sha512-BXq5mqc8ltbaN34cDqWuYKyNhX8D/Z0J1xdtdQ8UcIIIyJyz+ZMKUt58tF3SrZ85jcfN/PZYhjR5uDQAYNVbuw==}
    engines: {node: '>=18'}
    hasBin: true

  estree-walker@2.0.2:
    resolution: {integrity: sha512-Rfkk/Mp/DL7JVje3u18FxFujQlTNR2q6QfMSMB7AvCBx91NGj/ba3kCfza0f6dVDbw7YlRf/nDrn7pQrCCyQ/w==}

  eventemitter3@4.0.7:
    resolution: {integrity: sha512-8guHBZCwKnFhYdHr2ysuRWErTwhoN2X8XELRlrRwpmfeY2jjuUN4taQMsULKUVo1K4DvZl+0pgfyoysHxvmvEw==}

  eventemitter3@5.0.1:
    resolution: {integrity: sha512-GWkBvjiSZK87ELrYOSESUYeVIc9mvLLf/nXalMOS5dYrgZq9o5OVkbZAVM06CVxYsCwH9BDZFPlQTlPA1j4ahA==}

  fast-deep-equal@3.1.3:
    resolution: {integrity: sha512-f3qQ9oQy9j2AhBe/H9VC91wLmKBCCU/gDOnKNAYG5hswO7BLKj09Hc5HYNz9cGI++xlpDCIgDaitVs03ATR84Q==}

  fast-diff@1.3.0:
    resolution: {integrity: sha512-VxPP4NqbUjj6MaAOafWeUn2cXWLcCtljklUtZf0Ind4XQ+QPtmA0b18zZy0jIQx+ExRVCR/ZQpBmik5lXshNsw==}

  fast-json-patch@3.1.1:
    resolution: {integrity: sha512-vf6IHUX2SBcA+5/+4883dsIjpBTqmfBjmYiWK1savxQmFk4JfBMLa7ynTYOs1Rolp/T1betJxHiGD3g1Mn8lUQ==}

  fetch-ponyfill@7.1.0:
    resolution: {integrity: sha512-FhbbL55dj/qdVO3YNK7ZEkshvj3eQ7EuIGV2I6ic/2YiocvyWv+7jg2s4AyS0wdRU75s3tA8ZxI/xPigb0v5Aw==}

  formiojs@4.21.6:
    resolution: {integrity: sha512-Ky2lGjxO5ujk4vKu0V8OJyI79qyJxacEMWjGJcu6FTiUbT70o61Q5pZxo87tTwMpaw6uzncGlkhMr6t4pzby7A==}

  fsevents@2.3.3:
    resolution: {integrity: sha512-5xoDfX+fL7faATnagmWPpbFtwh/R77WmMMqqHGS65C3vvB0YHrgF+B1YmZ3441tMj5n63k0212XNoJwzlhffQw==}
    engines: {node: ^8.16.0 || ^10.6.0 || >=11.0.0}
    os: [darwin]

  fuse.js@6.6.2:
    resolution: {integrity: sha512-cJaJkxCCxC8qIIcPBF9yGxY0W/tVZS3uEISDxhYIdtk8OL93pe+6Zj7LjCqVV4dzbqcriOZ+kQ/NE4RXZHsIGA==}
    engines: {node: '>=10'}

  i18next@22.4.12:
    resolution: {integrity: sha512-2lE+vRXxQ3lGLub1CVbwgO0IfkLHmUSDVOAVdPh22CsxttMXi+35n2qgxh2wZIkKl6t/NMzPfgFPRDiFQOmiCg==}

  idb@7.1.1:
    resolution: {integrity: sha512-gchesWBzyvGHRO9W8tzUWFDycow5gwjvFKfyV9FF32Y7F50yZMp7mP+T2mJIWFx49zicqyC4uefHM17o6xKIVQ==}

  inputmask@5.0.9:
    resolution: {integrity: sha512-s0lUfqcEbel+EQXtehXqwCJGShutgieOaIImFKC/r4reYNvX3foyrChl6LOEvaEgxEbesePIrw1Zi2jhZaDZbQ==}

  is-array@1.0.1:
    resolution: {integrity: sha512-gxiZ+y/u67AzpeFmAmo4CbtME/bs7J2C++su5zQzvQyaxUqVzkh69DI+jN+KZuSO6JaH6TIIU6M6LhqxMjxEpw==}

  iselement@1.1.4:
    resolution: {integrity: sha512-4Q519eWmbHO1pbimiz7H1iJRUHVmAmfh0viSsUD+oAwVO4ntZt7gpf8i8AShVBTyOvRTZNYNBpUxOIvwZR+ffw==}

  ismobilejs@1.1.1:
    resolution: {integrity: sha512-VaFW53yt8QO61k2WJui0dHf4SlL8lxBofUuUmwBo0ljPk0Drz2TiuDW4jo3wDcv41qy/SxrJ+VAzJ/qYqsmzRw==}

  json-logic-js@2.0.5:
    resolution: {integrity: sha512-rTT2+lqcuUmj4DgWfmzupZqQDA64AdmYqizzMPWj3DxGdfFNsxPpcNVSaTj4l8W2tG/+hg7/mQhxjU3aPacO6g==}

  jstimezonedetect@1.0.7:
    resolution: {integrity: sha512-ARADHortktl9IZ1tr4GHwGPIAzgz3mLNCbR/YjWtRtc/O0o634O3NeFlpLjv95EvuDA5dc8z6yfgbS8nUc4zcQ==}

  jwt-decode@3.1.2:
    resolution: {integrity: sha512-UfpWE/VZn0iP50d8cz9NrZLM9lSWhcJ+0Gt/nm4by88UL+J1SiKN8/5dkjMmbEzwL2CAe+67GsegCbIKtbp75A==}

  lodash-es@4.17.21:
    resolution: {integrity: sha512-mKnC+QJ9pWVzv+C4/U3rRsHapFfHvQFoFB92e52xeyGMcX6/OlIl78je1u8vePzYZSkkogMPJ2yjxxsb89cxyw==}

  lodash.clonedeep@4.5.0:
    resolution: {integrity: sha512-H5ZhCF25riFd9uB5UCkVKo61m3S/xZk1x4wA6yp/L3RFP6Z/eHH1ymQcGLo7J3GMPfm0V/7m1tryHuGVxpqEBQ==}

  lodash.isequal@4.5.0:
    resolution: {integrity: sha512-pDo3lu8Jhfjqls6GkMgpahsF9kCyayhgykjyLMNFTKWrpVdAQtYyB4muAMWozBB4ig/dtWAmsMxLEI8wuz+DYQ==}
    deprecated: This package is deprecated. Use require('node:util').isDeepStrictEqual instead.

  lodash@4.17.21:
    resolution: {integrity: sha512-v2kDEe57lecTulaDIuNTPy3Ry4gLGJ6Z1O3vE1krgXZNrsQ+LFTGHVxVjcXPs17LhbZVGedAJv8XZ1tvj5FvSg==}

  magic-string@0.30.17:
    resolution: {integrity: sha512-sNPKHvyjVf7gyjwS4xGTaW/mCnF8wnjtifKBEhxfZ7E/S8tQ0rssrwGNn6q8JH/ohItJfSQp9mBtQYuTlH5QnA==}

  moment-timezone@0.5.47:
    resolution: {integrity: sha512-UbNt/JAWS0m/NJOebR0QMRHBk0hu03r5dx9GK8Cs0AS3I81yDcOc9k+DytPItgVvBP7J6Mf6U2n3BPAacAV9oA==}

  moment@2.30.1:
    resolution: {integrity: sha512-uEmtNhbDOrWPFS+hdjFCBfy9f2YoyzRpwcl+DqpC6taX21FzsTLQVbMV/W7PzNSX6x/bhC1zA3c2UQ5NzH6how==}

  nanoid@3.3.9:
    resolution: {integrity: sha512-SppoicMGpZvbF1l3z4x7No3OlIjP7QJvC9XR7AhZr1kL133KHnKPztkKDc+Ir4aJ/1VhTySrtKhrsycmrMQfvg==}
    engines: {node: ^10 || ^12 || ^13.7 || ^14 || >=15.0.1}
    hasBin: true

  native-promise-only@0.8.1:
    resolution: {integrity: sha512-zkVhZUA3y8mbz652WrL5x0fB0ehrBkulWT3TomAQ9iDtyXZvzKeEA6GPxAItBYeNYl5yngKRX612qHOhvMkDeg==}

  node-fetch@2.6.13:
    resolution: {integrity: sha512-StxNAxh15zr77QvvkmveSQ8uCQ4+v5FkvNTj0OESmiHu+VRi/gXArXtkWMElOsOUNLtUEvI4yS+rdtOHZTwlQA==}
    engines: {node: 4.x || >=6.0.0}
    peerDependencies:
      encoding: ^0.1.0
    peerDependenciesMeta:
      encoding:
        optional: true

  parchment@3.0.0:
    resolution: {integrity: sha512-HUrJFQ/StvgmXRcQ1ftY6VEZUq3jA2t9ncFN4F84J/vN0/FPpQF+8FKXb3l6fLces6q0uOHj6NJn+2xvZnxO6A==}

  picocolors@1.1.1:
    resolution: {integrity: sha512-xceH2snhtb5M9liqDsmEw56le376mTZkEX/jEb/RxNFyegNul7eNslCXP9FDj/Lcu0X8KEyMceP2ntpaHrDEVA==}

  postcss@8.5.3:
    resolution: {integrity: sha512-dle9A3yYxlBSrt8Fu+IpjGT8SY8hN0mlaA6GY8t0P5PjIOZemULz/E2Bnm/2dcUOena75OTNkHI76uZBNUUq3A==}
    engines: {node: ^10 || ^12 || >=14}

  quill-delta@5.1.0:
    resolution: {integrity: sha512-X74oCeRI4/p0ucjb5Ma8adTXd9Scumz367kkMK5V/IatcX6A0vlgLgKbzXWy5nZmCGeNJm2oQX0d2Eqj+ZIlCA==}
    engines: {node: '>= 12.0.0'}

  quill@2.0.3:
    resolution: {integrity: sha512-xEYQBqfYx/sfb33VJiKnSJp8ehloavImQ2A6564GAbqG55PGw1dAWUn1MUbQB62t0azawUS2CZZhWCjO8gRvTw==}
    engines: {npm: '>=8.2.3'}

  redux@4.2.1:
    resolution: {integrity: sha512-LAUYz4lc+Do8/g7aeRa8JkyDErK6ekstQaqWQrNRW//MY1TvCEpMtpTWvlQ+FPbWCx+Xixu/6SHt5N0HR+SB4w==}

  regenerator-runtime@0.14.1:
    resolution: {integrity: sha512-dYnhHh0nJoMfnkZs6GmmhFknAGRrLznOu5nc9ML+EJxGvrx6H7teuevqVqCuPcPK//3eDrrjQhehXVx9cnkGdw==}

  resize-observer-polyfill@1.5.1:
    resolution: {integrity: sha512-LwZrotdHOo12nQuZlHEmtuXdqGoOD0OhaxopaNFxWzInpEgaLWoVuAMbTzixuosCx2nEG58ngzW3vxdWoxIgdg==}

  rollup@4.35.0:
    resolution: {integrity: sha512-kg6oI4g+vc41vePJyO6dHt/yl0Rz3Thv0kJeVQ3D1kS3E5XSuKbPc29G4IpT/Kv1KQwgHVcN+HtyS+HYLNSvQg==}
    engines: {node: '>=18.0.0', npm: '>=8.0.0'}
    hasBin: true

  signature_pad@4.2.0:
    resolution: {integrity: sha512-YLWysmaUBaC5wosAKkgbX7XI+LBv2w5L0QUcI6Jc4moHYzv9BUBJtAyNLpWzHjtjKTeWOH6bfP4a4pzf0UinfQ==}

  source-map-js@1.2.1:
    resolution: {integrity: sha512-UXWMKhLOwVKb728IUtQPXxfYU+usdybtUrK/8uGE8CQMvrhOpwvzDBwj0QhSL7MQc7vIsISBG8VQ8+IDQxpfQA==}
    engines: {node: '>=0.10.0'}

  spark-md5@2.0.2:
    resolution: {integrity: sha512-9WfT+FYBEvlrOOBEs484/zmbtSX4BlGjzXih1qIEWA1yhHbcqgcMHkiwXoWk2Sq1aJjLpcs6ZKV7JxrDNjIlNg==}

  string-hash@1.1.3:
    resolution: {integrity: sha512-kJUvRUFK49aub+a7T1nNE66EJbZBMnBgoC1UbCZ5n6bsZKBRga4KgBRTMn/pFkeCZSYtNeSyMxPDM0AXWELk2A==}

  ticky@1.0.1:
    resolution: {integrity: sha512-RX35iq/D+lrsqhcPWIazM9ELkjOe30MSeoBHQHSsRwd1YuhJO5ui1K1/R0r7N3mFvbLBs33idw+eR6j+w6i/DA==}

  tippy.js@6.3.7:
    resolution: {integrity: sha512-E1d3oP2emgJ9dRQZdf3Kkn0qJgI6ZLpyS5z6ZkY1DF3kaQaBsGZsndEpHwx+eC+tYM41HaSNvNtLx8tU57FzTQ==}

  tr46@0.0.3:
    resolution: {integrity: sha512-N3WMsuqV66lT30CrXNbEjx4GEwlow3v6rr4mCcv6prnfwhS01rkgyFdjPNBYd9br7LpXV1+Emh01fHnq2Gdgrw==}

  type-func@1.0.3:
    resolution: {integrity: sha512-YA90CUk+i00tWESPNRMahywXhAz+12NLJLKlOWrgHIbqaFXjdZrWstRghaibOW/IxhPjui4SmXxO/03XSGRIjA==}

  uuid@9.0.1:
    resolution: {integrity: sha512-b+1eJOlsR9K8HJpow9Ok3fiWOWSIcIzXodvv0rQjVoOVNpWMpxf1wZNpt4y9h10odCNrqnYp1OBzRktckBe3sA==}
    hasBin: true

  vanilla-picker@2.12.3:
    resolution: {integrity: sha512-qVkT1E7yMbUsB2mmJNFmaXMWE2hF8ffqzMMwe9zdAikd8u2VfnsVY2HQcOUi2F38bgbxzlJBEdS1UUhOXdF9GQ==}

  vite@6.2.1:
    resolution: {integrity: sha512-n2GnqDb6XPhlt9B8olZPrgMD/es/Nd1RdChF6CBD/fHW6pUyUTt2sQW2fPRX5GiD9XEa6+8A6A4f2vT6pSsE7Q==}
    engines: {node: ^18.0.0 || ^20.0.0 || >=22.0.0}
    hasBin: true
    peerDependencies:
      '@types/node': ^18.0.0 || ^20.0.0 || >=22.0.0
      jiti: '>=1.21.0'
      less: '*'
      lightningcss: ^1.21.0
      sass: '*'
      sass-embedded: '*'
      stylus: '*'
      sugarss: '*'
      terser: ^5.16.0
      tsx: ^4.8.1
      yaml: ^2.4.2
    peerDependenciesMeta:
      '@types/node':
        optional: true
      jiti:
        optional: true
      less:
        optional: true
      lightningcss:
        optional: true
      sass:
        optional: true
      sass-embedded:
        optional: true
      stylus:
        optional: true
      sugarss:
        optional: true
      terser:
        optional: true
      tsx:
        optional: true
      yaml:
        optional: true

  vue@3.5.13:
    resolution: {integrity: sha512-wmeiSMxkZCSc+PM2w2VRsOYAZC8GdipNFRTsLSfodVqI9mbejKeXEGr8SckuLnrQPGe3oJN5c3K0vpoU9q/wCQ==}
    peerDependencies:
      typescript: '*'
    peerDependenciesMeta:
      typescript:
        optional: true

  webidl-conversions@3.0.1:
    resolution: {integrity: sha512-2JAn3z8AR6rjK8Sm8orRC0h/bcl/DqL7tRPdGZ4I1CjdF+EaMLmYxBHyXuKL849eucPFhvBoxMsflfOb8kxaeQ==}

  whatwg-url@5.0.0:
    resolution: {integrity: sha512-saE57nupxk6v3HY35+jzBwYa0rKSy0XR8JSxZPwgLr7ys0IBzhGviA1/TUGJLmSVqs8pb9AnvICXEuOHLprYTw==}

snapshots:

  '@babel/helper-string-parser@7.25.9': {}

  '@babel/helper-validator-identifier@7.25.9': {}

  '@babel/parser@7.26.9':
    dependencies:
      '@babel/types': 7.26.9

  '@babel/runtime@7.26.9':
    dependencies:
      regenerator-runtime: 0.14.1

  '@babel/types@7.26.9':
    dependencies:
      '@babel/helper-string-parser': 7.25.9
      '@babel/helper-validator-identifier': 7.25.9

  '@esbuild/aix-ppc64@0.25.0':
    optional: true

  '@esbuild/android-arm64@0.25.0':
    optional: true

  '@esbuild/android-arm@0.25.0':
    optional: true

  '@esbuild/android-x64@0.25.0':
    optional: true

  '@esbuild/darwin-arm64@0.25.0':
    optional: true

  '@esbuild/darwin-x64@0.25.0':
    optional: true

  '@esbuild/freebsd-arm64@0.25.0':
    optional: true

  '@esbuild/freebsd-x64@0.25.0':
    optional: true

  '@esbuild/linux-arm64@0.25.0':
    optional: true

  '@esbuild/linux-arm@0.25.0':
    optional: true

  '@esbuild/linux-ia32@0.25.0':
    optional: true

  '@esbuild/linux-loong64@0.25.0':
    optional: true

  '@esbuild/linux-mips64el@0.25.0':
    optional: true

  '@esbuild/linux-ppc64@0.25.0':
    optional: true

  '@esbuild/linux-riscv64@0.25.0':
    optional: true

  '@esbuild/linux-s390x@0.25.0':
    optional: true

  '@esbuild/linux-x64@0.25.0':
    optional: true

  '@esbuild/netbsd-arm64@0.25.0':
    optional: true

  '@esbuild/netbsd-x64@0.25.0':
    optional: true

  '@esbuild/openbsd-arm64@0.25.0':
    optional: true

  '@esbuild/openbsd-x64@0.25.0':
    optional: true

  '@esbuild/sunos-x64@0.25.0':
    optional: true

  '@esbuild/win32-arm64@0.25.0':
    optional: true

  '@esbuild/win32-ia32@0.25.0':
    optional: true

  '@esbuild/win32-x64@0.25.0':
    optional: true

  '@formio/bootstrap3@2.12.4-rc.1':
    dependencies:
      resize-observer-polyfill: 1.5.1

  '@formio/choices.js@10.2.1':
    dependencies:
      deepmerge: 4.3.1
      fuse.js: 6.6.2
      redux: 4.2.1

  '@formio/semantic@2.6.1': {}

  '@formio/text-mask-addons@3.8.0-formio.4': {}

  '@formio/vanilla-text-mask@5.1.1-formio.1': {}

  '@formio/vue@5.0.0(formiojs@4.21.6)(vue@3.5.13)':
    dependencies:
      formiojs: 4.21.6
      vue: 3.5.13

  '@jridgewell/sourcemap-codec@1.5.0': {}

  '@popperjs/core@2.11.8': {}

  '@rollup/rollup-android-arm-eabi@4.35.0':
    optional: true

  '@rollup/rollup-android-arm64@4.35.0':
    optional: true

  '@rollup/rollup-darwin-arm64@4.35.0':
    optional: true

  '@rollup/rollup-darwin-x64@4.35.0':
    optional: true

  '@rollup/rollup-freebsd-arm64@4.35.0':
    optional: true

  '@rollup/rollup-freebsd-x64@4.35.0':
    optional: true

  '@rollup/rollup-linux-arm-gnueabihf@4.35.0':
    optional: true

  '@rollup/rollup-linux-arm-musleabihf@4.35.0':
    optional: true

  '@rollup/rollup-linux-arm64-gnu@4.35.0':
    optional: true

  '@rollup/rollup-linux-arm64-musl@4.35.0':
    optional: true

  '@rollup/rollup-linux-loongarch64-gnu@4.35.0':
    optional: true

  '@rollup/rollup-linux-powerpc64le-gnu@4.35.0':
    optional: true

  '@rollup/rollup-linux-riscv64-gnu@4.35.0':
    optional: true

  '@rollup/rollup-linux-s390x-gnu@4.35.0':
    optional: true

  '@rollup/rollup-linux-x64-gnu@4.35.0':
    optional: true

  '@rollup/rollup-linux-x64-musl@4.35.0':
    optional: true

  '@rollup/rollup-win32-arm64-msvc@4.35.0':
    optional: true

  '@rollup/rollup-win32-ia32-msvc@4.35.0':
    optional: true

  '@rollup/rollup-win32-x64-msvc@4.35.0':
    optional: true

  '@sphinxxxx/color-conversion@2.2.2': {}

  '@types/estree@1.0.6': {}

  '@types/trusted-types@2.0.7':
    optional: true

  '@vitejs/plugin-vue@5.2.1(vite@6.2.1)(vue@3.5.13)':
    dependencies:
      vite: 6.2.1
      vue: 3.5.13

  '@vue/compiler-core@3.5.13':
    dependencies:
      '@babel/parser': 7.26.9
      '@vue/shared': 3.5.13
      entities: 4.5.0
      estree-walker: 2.0.2
      source-map-js: 1.2.1

  '@vue/compiler-dom@3.5.13':
    dependencies:
      '@vue/compiler-core': 3.5.13
      '@vue/shared': 3.5.13

  '@vue/compiler-sfc@3.5.13':
    dependencies:
      '@babel/parser': 7.26.9
      '@vue/compiler-core': 3.5.13
      '@vue/compiler-dom': 3.5.13
      '@vue/compiler-ssr': 3.5.13
      '@vue/shared': 3.5.13
      estree-walker: 2.0.2
      magic-string: 0.30.17
      postcss: 8.5.3
      source-map-js: 1.2.1

  '@vue/compiler-ssr@3.5.13':
    dependencies:
      '@vue/compiler-dom': 3.5.13
      '@vue/shared': 3.5.13

  '@vue/reactivity@3.5.13':
    dependencies:
      '@vue/shared': 3.5.13

  '@vue/runtime-core@3.5.13':
    dependencies:
      '@vue/reactivity': 3.5.13
      '@vue/shared': 3.5.13

  '@vue/runtime-dom@3.5.13':
    dependencies:
      '@vue/reactivity': 3.5.13
      '@vue/runtime-core': 3.5.13
      '@vue/shared': 3.5.13
      csstype: 3.1.3

  '@vue/server-renderer@3.5.13(vue@3.5.13)':
    dependencies:
      '@vue/compiler-ssr': 3.5.13
      '@vue/shared': 3.5.13
      vue: 3.5.13

  '@vue/shared@3.5.13': {}

  abortcontroller-polyfill@1.7.8: {}

  animation-frame-polyfill@1.0.2: {}

  array-from@2.1.1: {}

  atoa@1.0.0: {}

  autocompleter@7.1.0: {}

  browser-cookies@1.2.0: {}

  browser-md5-file@1.1.1:
    dependencies:
      spark-md5: 2.0.2

  compare-versions@5.0.3: {}

  contra@1.9.4:
    dependencies:
      atoa: 1.0.0
      ticky: 1.0.1

  core-js@3.41.0: {}

  create-point-cb@1.2.0:
    dependencies:
      type-func: 1.0.3

  crossvent@1.5.5:
    dependencies:
      custom-event: 1.0.1

  csstype@3.1.3: {}

  custom-event-polyfill@1.0.7: {}

  custom-event@1.0.1: {}

  deepmerge@4.3.1: {}

  dialog-polyfill@0.5.6: {}

  dom-autoscroller@2.3.4:
    dependencies:
      animation-frame-polyfill: 1.0.2
      create-point-cb: 1.2.0
      dom-mousemove-dispatcher: 1.0.1
      dom-plane: 1.0.2
      dom-set: 1.1.1
      type-func: 1.0.3

  dom-mousemove-dispatcher@1.0.1: {}

  dom-plane@1.0.2:
    dependencies:
      create-point-cb: 1.2.0

  dom-set@1.1.1:
    dependencies:
      array-from: 2.1.1
      is-array: 1.0.1
      iselement: 1.1.4

  dompurify@3.2.4:
    optionalDependencies:
      '@types/trusted-types': 2.0.7

  downloadjs@1.4.7: {}

  dragula@3.7.3:
    dependencies:
      contra: 1.9.4
      crossvent: 1.5.5

  entities@4.5.0: {}

  esbuild@0.25.0:
    optionalDependencies:
      '@esbuild/aix-ppc64': 0.25.0
      '@esbuild/android-arm': 0.25.0
      '@esbuild/android-arm64': 0.25.0
      '@esbuild/android-x64': 0.25.0
      '@esbuild/darwin-arm64': 0.25.0
      '@esbuild/darwin-x64': 0.25.0
      '@esbuild/freebsd-arm64': 0.25.0
      '@esbuild/freebsd-x64': 0.25.0
      '@esbuild/linux-arm': 0.25.0
      '@esbuild/linux-arm64': 0.25.0
      '@esbuild/linux-ia32': 0.25.0
      '@esbuild/linux-loong64': 0.25.0
      '@esbuild/linux-mips64el': 0.25.0
      '@esbuild/linux-ppc64': 0.25.0
      '@esbuild/linux-riscv64': 0.25.0
      '@esbuild/linux-s390x': 0.25.0
      '@esbuild/linux-x64': 0.25.0
      '@esbuild/netbsd-arm64': 0.25.0
      '@esbuild/netbsd-x64': 0.25.0
      '@esbuild/openbsd-arm64': 0.25.0
      '@esbuild/openbsd-x64': 0.25.0
      '@esbuild/sunos-x64': 0.25.0
      '@esbuild/win32-arm64': 0.25.0
      '@esbuild/win32-ia32': 0.25.0
      '@esbuild/win32-x64': 0.25.0

  estree-walker@2.0.2: {}

  eventemitter3@4.0.7: {}

  eventemitter3@5.0.1: {}

  fast-deep-equal@3.1.3: {}

  fast-diff@1.3.0: {}

  fast-json-patch@3.1.1: {}

  fetch-ponyfill@7.1.0:
    dependencies:
      node-fetch: 2.6.13
    transitivePeerDependencies:
      - encoding

  formiojs@4.21.6:
    dependencies:
      '@formio/bootstrap3': 2.12.4-rc.1
      '@formio/choices.js': 10.2.1
      '@formio/semantic': 2.6.1
      '@formio/text-mask-addons': 3.8.0-formio.4
      '@formio/vanilla-text-mask': 5.1.1-formio.1
      abortcontroller-polyfill: 1.7.8
      autocompleter: 7.1.0
      browser-cookies: 1.2.0
      browser-md5-file: 1.1.1
      compare-versions: 5.0.3
      core-js: 3.41.0
      custom-event-polyfill: 1.0.7
      dialog-polyfill: 0.5.6
      dom-autoscroller: 2.3.4
      dompurify: 3.2.4
      downloadjs: 1.4.7
      dragula: 3.7.3
      eventemitter3: 4.0.7
      fast-deep-equal: 3.1.3
      fast-json-patch: 3.1.1
      fetch-ponyfill: 7.1.0
      i18next: 22.4.12
      idb: 7.1.1
      inputmask: 5.0.9
      ismobilejs: 1.1.1
      json-logic-js: 2.0.5
      jstimezonedetect: 1.0.7
      jwt-decode: 3.1.2
      lodash: 4.17.21
      moment: 2.30.1
      moment-timezone: 0.5.47
      native-promise-only: 0.8.1
      quill: 2.0.3
      signature_pad: 4.2.0
      string-hash: 1.1.3
      tippy.js: 6.3.7
      uuid: 9.0.1
      vanilla-picker: 2.12.3
    transitivePeerDependencies:
      - encoding

  fsevents@2.3.3:
    optional: true

  fuse.js@6.6.2: {}

  i18next@22.4.12:
    dependencies:
      '@babel/runtime': 7.26.9

  idb@7.1.1: {}

  inputmask@5.0.9: {}

  is-array@1.0.1: {}

  iselement@1.1.4: {}

  ismobilejs@1.1.1: {}

  json-logic-js@2.0.5: {}

  jstimezonedetect@1.0.7: {}

  jwt-decode@3.1.2: {}

  lodash-es@4.17.21: {}

  lodash.clonedeep@4.5.0: {}

  lodash.isequal@4.5.0: {}

  lodash@4.17.21: {}

  magic-string@0.30.17:
    dependencies:
      '@jridgewell/sourcemap-codec': 1.5.0

  moment-timezone@0.5.47:
    dependencies:
      moment: 2.30.1

  moment@2.30.1: {}

  nanoid@3.3.9: {}

  native-promise-only@0.8.1: {}

  node-fetch@2.6.13:
    dependencies:
      whatwg-url: 5.0.0

  parchment@3.0.0: {}

  picocolors@1.1.1: {}

  postcss@8.5.3:
    dependencies:
      nanoid: 3.3.9
      picocolors: 1.1.1
      source-map-js: 1.2.1

  quill-delta@5.1.0:
    dependencies:
      fast-diff: 1.3.0
      lodash.clonedeep: 4.5.0
      lodash.isequal: 4.5.0

  quill@2.0.3:
    dependencies:
      eventemitter3: 5.0.1
      lodash-es: 4.17.21
      parchment: 3.0.0
      quill-delta: 5.1.0

  redux@4.2.1:
    dependencies:
      '@babel/runtime': 7.26.9

  regenerator-runtime@0.14.1: {}

  resize-observer-polyfill@1.5.1: {}

  rollup@4.35.0:
    dependencies:
      '@types/estree': 1.0.6
    optionalDependencies:
      '@rollup/rollup-android-arm-eabi': 4.35.0
      '@rollup/rollup-android-arm64': 4.35.0
      '@rollup/rollup-darwin-arm64': 4.35.0
      '@rollup/rollup-darwin-x64': 4.35.0
      '@rollup/rollup-freebsd-arm64': 4.35.0
      '@rollup/rollup-freebsd-x64': 4.35.0
      '@rollup/rollup-linux-arm-gnueabihf': 4.35.0
      '@rollup/rollup-linux-arm-musleabihf': 4.35.0
      '@rollup/rollup-linux-arm64-gnu': 4.35.0
      '@rollup/rollup-linux-arm64-musl': 4.35.0
      '@rollup/rollup-linux-loongarch64-gnu': 4.35.0
      '@rollup/rollup-linux-powerpc64le-gnu': 4.35.0
      '@rollup/rollup-linux-riscv64-gnu': 4.35.0
      '@rollup/rollup-linux-s390x-gnu': 4.35.0
      '@rollup/rollup-linux-x64-gnu': 4.35.0
      '@rollup/rollup-linux-x64-musl': 4.35.0
      '@rollup/rollup-win32-arm64-msvc': 4.35.0
      '@rollup/rollup-win32-ia32-msvc': 4.35.0
      '@rollup/rollup-win32-x64-msvc': 4.35.0
      fsevents: 2.3.3

  signature_pad@4.2.0: {}

  source-map-js@1.2.1: {}

  spark-md5@2.0.2: {}

  string-hash@1.1.3: {}

  ticky@1.0.1: {}

  tippy.js@6.3.7:
    dependencies:
      '@popperjs/core': 2.11.8

  tr46@0.0.3: {}

  type-func@1.0.3: {}

  uuid@9.0.1: {}

  vanilla-picker@2.12.3:
    dependencies:
      '@sphinxxxx/color-conversion': 2.2.2

  vite@6.2.1:
    dependencies:
      esbuild: 0.25.0
      postcss: 8.5.3
      rollup: 4.35.0
    optionalDependencies:
      fsevents: 2.3.3

  vue@3.5.13:
    dependencies:
      '@vue/compiler-dom': 3.5.13
      '@vue/compiler-sfc': 3.5.13
      '@vue/runtime-dom': 3.5.13
      '@vue/server-renderer': 3.5.13(vue@3.5.13)
      '@vue/shared': 3.5.13

  webidl-conversions@3.0.1: {}

  whatwg-url@5.0.0:
    dependencies:
      tr46: 0.0.3
      webidl-conversions: 3.0.1
